
Microsoft Visual Studio Solution File, Format Version 12.00
# Visual Studio 15
VisualStudioVersion = 15.0.26124.0
MinimumVisualStudioVersion = 15.0.26124.0
Project("{FAE04EC0-301F-11D3-BF4B-00C04F79EFBC}") = "CountryApi", "CountryApi\CountryApi.csproj", "{65180AB2-4F83-4E6E-94C1-2FF1584F1492}"
EndProject
Project("{FAE04EC0-301F-11D3-BF4B-00C04F79EFBC}") = "CountryApplication", "CountryApplication\CountryApplication.csproj", "{66988798-CD10-45BE-B463-F34D7BE80B67}"
EndProject
Project("{FAE04EC0-301F-11D3-BF4B-00C04F79EFBC}") = "CountryDomain", "CountryDomain\CountryDomain.csproj", "{F89DC327-6CE1-4305-AA71-9FA06252142A}"
EndProject
Project("{FAE04EC0-301F-11D3-BF4B-00C04F79EFBC}") = "CountryInfrastructure", "CountryInfrastructure\CountryInfrastructure.csproj", "{05FDE0AA-C02C-44B1-8210-727FC557C465}"
EndProject
Global
	GlobalSection(SolutionConfigurationPlatforms) = preSolution
		Debug|Any CPU = Debug|Any CPU
		Debug|x64 = Debug|x64
		Debug|x86 = Debug|x86
		Release|Any CPU = Release|Any CPU
		Release|x64 = Release|x64
		Release|x86 = Release|x86
	EndGlobalSection
	GlobalSection(SolutionProperties) = preSolution
		HideSolutionNode = FALSE
	EndGlobalSection
	GlobalSection(ProjectConfigurationPlatforms) = postSolution
		{65180AB2-4F83-4E6E-94C1-2FF1584F1492}.Debug|Any CPU.ActiveCfg = Debug|Any CPU
		{65180AB2-4F83-4E6E-94C1-2FF1584F1492}.Debug|Any CPU.Build.0 = Debug|Any CPU
		{65180AB2-4F83-4E6E-94C1-2FF1584F1492}.Debug|x64.ActiveCfg = Debug|Any CPU
		{65180AB2-4F83-4E6E-94C1-2FF1584F1492}.Debug|x64.Build.0 = Debug|Any CPU
		{65180AB2-4F83-4E6E-94C1-2FF1584F1492}.Debug|x86.ActiveCfg = Debug|Any CPU
		{65180AB2-4F83-4E6E-94C1-2FF1584F1492}.Debug|x86.Build.0 = Debug|Any CPU
		{65180AB2-4F83-4E6E-94C1-2FF1584F1492}.Release|Any CPU.ActiveCfg = Release|Any CPU
		{65180AB2-4F83-4E6E-94C1-2FF1584F1492}.Release|Any CPU.Build.0 = Release|Any CPU
		{65180AB2-4F83-4E6E-94C1-2FF1584F1492}.Release|x64.ActiveCfg = Release|Any CPU
		{65180AB2-4F83-4E6E-94C1-2FF1584F1492}.Release|x64.Build.0 = Release|Any CPU
		{65180AB2-4F83-4E6E-94C1-2FF1584F1492}.Release|x86.ActiveCfg = Release|Any CPU
		{65180AB2-4F83-4E6E-94C1-2FF1584F1492}.Release|x86.Build.0 = Release|Any CPU
		{66988798-CD10-45BE-B463-F34D7BE80B67}.Debug|Any CPU.ActiveCfg = Debug|Any CPU
		{66988798-CD10-45BE-B463-F34D7BE80B67}.Debug|Any CPU.Build.0 = Debug|Any CPU
		{66988798-CD10-45BE-B463-F34D7BE80B67}.Debug|x64.ActiveCfg = Debug|Any CPU
		{66988798-CD10-45BE-B463-F34D7BE80B67}.Debug|x64.Build.0 = Debug|Any CPU
		{66988798-CD10-45BE-B463-F34D7BE80B67}.Debug|x86.ActiveCfg = Debug|Any CPU
		{66988798-CD10-45BE-B463-F34D7BE80B67}.Debug|x86.Build.0 = Debug|Any CPU
		{66988798-CD10-45BE-B463-F34D7BE80B67}.Release|Any CPU.ActiveCfg = Release|Any CPU
		{66988798-CD10-45BE-B463-F34D7BE80B67}.Release|Any CPU.Build.0 = Release|Any CPU
		{66988798-CD10-45BE-B463-F34D7BE80B67}.Release|x64.ActiveCfg = Release|Any CPU
		{66988798-CD10-45BE-B463-F34D7BE80B67}.Release|x64.Build.0 = Release|Any CPU
		{66988798-CD10-45BE-B463-F34D7BE80B67}.Release|x86.ActiveCfg = Release|Any CPU
		{66988798-CD10-45BE-B463-F34D7BE80B67}.Release|x86.Build.0 = Release|Any CPU
		{F89DC327-6CE1-4305-AA71-9FA06252142A}.Debug|Any CPU.ActiveCfg = Debug|Any CPU
		{F89DC327-6CE1-4305-AA71-9FA06252142A}.Debug|Any CPU.Build.0 = Debug|Any CPU
		{F89DC327-6CE1-4305-AA71-9FA06252142A}.Debug|x64.ActiveCfg = Debug|Any CPU
		{F89DC327-6CE1-4305-AA71-9FA06252142A}.Debug|x64.Build.0 = Debug|Any CPU
		{F89DC327-6CE1-4305-AA71-9FA06252142A}.Debug|x86.ActiveCfg = Debug|Any CPU
		{F89DC327-6CE1-4305-AA71-9FA06252142A}.Debug|x86.Build.0 = Debug|Any CPU
		{F89DC327-6CE1-4305-AA71-9FA06252142A}.Release|Any CPU.ActiveCfg = Release|Any CPU
		{F89DC327-6CE1-4305-AA71-9FA06252142A}.Release|Any CPU.Build.0 = Release|Any CPU
		{F89DC327-6CE1-4305-AA71-9FA06252142A}.Release|x64.ActiveCfg = Release|Any CPU
		{F89DC327-6CE1-4305-AA71-9FA06252142A}.Release|x64.Build.0 = Release|Any CPU
		{F89DC327-6CE1-4305-AA71-9FA06252142A}.Release|x86.ActiveCfg = Release|Any CPU
		{F89DC327-6CE1-4305-AA71-9FA06252142A}.Release|x86.Build.0 = Release|Any CPU
		{05FDE0AA-C02C-44B1-8210-727FC557C465}.Debug|Any CPU.ActiveCfg = Debug|Any CPU
		{05FDE0AA-C02C-44B1-8210-727FC557C465}.Debug|Any CPU.Build.0 = Debug|Any CPU
		{05FDE0AA-C02C-44B1-8210-727FC557C465}.Debug|x64.ActiveCfg = Debug|Any CPU
		{05FDE0AA-C02C-44B1-8210-727FC557C465}.Debug|x64.Build.0 = Debug|Any CPU
		{05FDE0AA-C02C-44B1-8210-727FC557C465}.Debug|x86.ActiveCfg = Debug|Any CPU
		{05FDE0AA-C02C-44B1-8210-727FC557C465}.Debug|x86.Build.0 = Debug|Any CPU
		{05FDE0AA-C02C-44B1-8210-727FC557C465}.Release|Any CPU.ActiveCfg = Release|Any CPU
		{05FDE0AA-C02C-44B1-8210-727FC557C465}.Release|Any CPU.Build.0 = Release|Any CPU
		{05FDE0AA-C02C-44B1-8210-727FC557C465}.Release|x64.ActiveCfg = Release|Any CPU
		{05FDE0AA-C02C-44B1-8210-727FC557C465}.Release|x64.Build.0 = Release|Any CPU
		{05FDE0AA-C02C-44B1-8210-727FC557C465}.Release|x86.ActiveCfg = Release|Any CPU
		{05FDE0AA-C02C-44B1-8210-727FC557C465}.Release|x86.Build.0 = Release|Any CPU
	EndGlobalSection
EndGlobal
